// !$*UTF8*$!
{
	archiveVersion = 1;
	classes = {
	};
	objectVersion = 77;
	objects = {

/* Begin PBXBuildFile section */
		4F3730C62E1DA38E0057F0D9 /* AppDelegate.swift in Sources */ = {isa = PBXBuildFile; fileRef = 4F3730C12E1DA38E0057F0D9 /* AppDelegate.swift */; };
		4F3730C72E1DA38E0057F0D9 /* SceneDelegate.swift in Sources */ = {isa = PBXBuildFile; fileRef = 4F3730C42E1DA38E0057F0D9 /* SceneDelegate.swift */; };
		4F3730C82E1DA38E0057F0D9 /* Assets.xcassets in Resources */ = {isa = PBXBuildFile; fileRef = 4F3730C22E1DA38E0057F0D9 /* Assets.xcassets */; };
		4F3730CB2E1DA5AF0057F0D9 /* AppCoordinator.swift in Sources */ = {isa = PBXBuildFile; fileRef = 4F3730CA2E1DA5AF0057F0D9 /* AppCoordinator.swift */; };
		4F3730D02E1DACD40057F0D9 /* HomeViewController.swift in Sources */ = {isa = PBXBuildFile; fileRef = 4F3730CF2E1DACD40057F0D9 /* HomeViewController.swift */; };
		4F3730D22E1DAE1B0057F0D9 /* HomeInteractor.swift in Sources */ = {isa = PBXBuildFile; fileRef = 4F3730D12E1DAE1B0057F0D9 /* HomeInteractor.swift */; };
		4F3730D42E1DAE2F0057F0D9 /* HomePresenter.swift in Sources */ = {isa = PBXBuildFile; fileRef = 4F3730D32E1DAE2F0057F0D9 /* HomePresenter.swift */; };
		4F3730D62E1DAE4F0057F0D9 /* HomeDisplayLogic.swift in Sources */ = {isa = PBXBuildFile; fileRef = 4F3730D52E1DAE4E0057F0D9 /* HomeDisplayLogic.swift */; };
		4F3730F02E1DB05E0057F0D9 /* Alamofire in Frameworks */ = {isa = PBXBuildFile; productRef = 4F3730EF2E1DB05E0057F0D9 /* Alamofire */; };
		4F3730FC2E1DB07B0057F0D9 /* NetworkService.swift in Sources */ = {isa = PBXBuildFile; fileRef = 4F3730F22E1DB07B0057F0D9 /* NetworkService.swift */; };
		4F3730FE2E1DB07B0057F0D9 /* DictionaryNetworkRequest.swift in Sources */ = {isa = PBXBuildFile; fileRef = 4F3730F62E1DB07B0057F0D9 /* DictionaryNetworkRequest.swift */; };
		4F3730FF2E1DB07B0057F0D9 /* Endpoint.swift in Sources */ = {isa = PBXBuildFile; fileRef = 4F3730F82E1DB07B0057F0D9 /* Endpoint.swift */; };
		4F3731002E1DB07B0057F0D9 /* Network.swift in Sources */ = {isa = PBXBuildFile; fileRef = 4F3730F12E1DB07B0057F0D9 /* Network.swift */; };
		4F3731012E1DB07B0057F0D9 /* EncodableNetworkRequest.swift in Sources */ = {isa = PBXBuildFile; fileRef = 4F3730F52E1DB07B0057F0D9 /* EncodableNetworkRequest.swift */; };
		4F3731022E1DB07B0057F0D9 /* NetworkError.swift in Sources */ = {isa = PBXBuildFile; fileRef = 4F3730F32E1DB07B0057F0D9 /* NetworkError.swift */; };
		4F3731032E1DB07B0057F0D9 /* NetworkRequest.swift in Sources */ = {isa = PBXBuildFile; fileRef = 4F3730F42E1DB07B0057F0D9 /* NetworkRequest.swift */; };
		4F3731092E1DB09C0057F0D9 /* JSONDecoder+Extensions.swift in Sources */ = {isa = PBXBuildFile; fileRef = 4F3731052E1DB09C0057F0D9 /* JSONDecoder+Extensions.swift */; };
		4F37310A2E1DB09C0057F0D9 /* JSONEncoder+Extensions.swift in Sources */ = {isa = PBXBuildFile; fileRef = 4F3731062E1DB09C0057F0D9 /* JSONEncoder+Extensions.swift */; };
		4F37310D2E1DB0DA0057F0D9 /* AuthenticationError.swift in Sources */ = {isa = PBXBuildFile; fileRef = 4F37310C2E1DB0DA0057F0D9 /* AuthenticationError.swift */; };
		4F3731122E1DB1260057F0D9 /* InjectionKey.swift in Sources */ = {isa = PBXBuildFile; fileRef = 4F37310F2E1DB1260057F0D9 /* InjectionKey.swift */; };
		4F3731132E1DB1260057F0D9 /* DependencyContainer.swift in Sources */ = {isa = PBXBuildFile; fileRef = 4F37310E2E1DB1260057F0D9 /* DependencyContainer.swift */; };
		4F3731142E1DB1260057F0D9 /* Injected.swift in Sources */ = {isa = PBXBuildFile; fileRef = 4F3731102E1DB1260057F0D9 /* Injected.swift */; };
		4F3731172E1DB1C20057F0D9 /* LocationService.swift in Sources */ = {isa = PBXBuildFile; fileRef = 4F3731162E1DB1C20057F0D9 /* LocationService.swift */; };
		4F37311C2E1DB2670057F0D9 /* StringInterpolation+Extensions.swift in Sources */ = {isa = PBXBuildFile; fileRef = 4F37311A2E1DB2670057F0D9 /* StringInterpolation+Extensions.swift */; };
		4F37311D2E1DB2670057F0D9 /* Logger+Extensions.swift in Sources */ = {isa = PBXBuildFile; fileRef = 4F3731182E1DB2670057F0D9 /* Logger+Extensions.swift */; };
		4F3731212E1DB3600057F0D9 /* LocationDTO.swift in Sources */ = {isa = PBXBuildFile; fileRef = 4F3731202E1DB3600057F0D9 /* LocationDTO.swift */; };
		4F3731232E1DB3DD0057F0D9 /* LocationsDTO.swift in Sources */ = {isa = PBXBuildFile; fileRef = 4F3731222E1DB3DD0057F0D9 /* LocationsDTO.swift */; };
		4F3731262E1DB41A0057F0D9 /* GetLocationsRequest.swift in Sources */ = {isa = PBXBuildFile; fileRef = 4F3731252E1DB41A0057F0D9 /* GetLocationsRequest.swift */; };
		4F37312A2E1DB5A40057F0D9 /* Location.swift in Sources */ = {isa = PBXBuildFile; fileRef = 4F3731292E1DB5A40057F0D9 /* Location.swift */; };
		4F37312D2E203FAC0057F0D9 /* GetLocationsUseCase.swift in Sources */ = {isa = PBXBuildFile; fileRef = 4F37312C2E203FAC0057F0D9 /* GetLocationsUseCase.swift */; };
		4F3731302E2047080057F0D9 /* SnapKit in Frameworks */ = {isa = PBXBuildFile; productRef = 4F37312F2E2047080057F0D9 /* SnapKit */; };
		4F3731322E204C4E0057F0D9 /* HomeContentView.swift in Sources */ = {isa = PBXBuildFile; fileRef = 4F3731312E204C4E0057F0D9 /* HomeContentView.swift */; };
		4F3731352E204DAB0057F0D9 /* Configurable.swift in Sources */ = {isa = PBXBuildFile; fileRef = 4F3731342E204DAB0057F0D9 /* Configurable.swift */; };
		4F3731372E2050B30057F0D9 /* Reusable.swift in Sources */ = {isa = PBXBuildFile; fileRef = 4F3731362E2050B30057F0D9 /* Reusable.swift */; };
		4F37313D2E2053B10057F0D9 /* LocationCell.swift in Sources */ = {isa = PBXBuildFile; fileRef = 4F37313C2E2053B10057F0D9 /* LocationCell.swift */; };
		4F3731402E2054670057F0D9 /* LocationCell+ViewModel.swift in Sources */ = {isa = PBXBuildFile; fileRef = 4F37313F2E2054670057F0D9 /* LocationCell+ViewModel.swift */; };
		4F3731422E2055D80057F0D9 /* UITableView+Reusable.swift in Sources */ = {isa = PBXBuildFile; fileRef = 4F3731412E2055D80057F0D9 /* UITableView+Reusable.swift */; };
		4F3731442E21605F0057F0D9 /* Endpoint+Locations.swift in Sources */ = {isa = PBXBuildFile; fileRef = 4F3731432E21605F0057F0D9 /* Endpoint+Locations.swift */; };
		4F3731462E21612F0057F0D9 /* URL+Extensions.swift in Sources */ = {isa = PBXBuildFile; fileRef = 4F3731452E21612F0057F0D9 /* URL+Extensions.swift */; };
		4F3731482E2162220057F0D9 /* Collection+Extensions.swift in Sources */ = {isa = PBXBuildFile; fileRef = 4F3731472E2162220057F0D9 /* Collection+Extensions.swift */; };
		4F37314A2E21819F0057F0D9 /* URLComponents.swift in Sources */ = {isa = PBXBuildFile; fileRef = 4F3731492E21819F0057F0D9 /* URLComponents.swift */; };
		4F37314D2E2185770057F0D9 /* LocationManager.swift in Sources */ = {isa = PBXBuildFile; fileRef = 4F37314C2E2185770057F0D9 /* LocationManager.swift */; };
		4F3731512E21869E0057F0D9 /* RequestUserLocationAuthorizationUseCase.swift in Sources */ = {isa = PBXBuildFile; fileRef = 4F3731502E21869E0057F0D9 /* RequestUserLocationAuthorizationUseCase.swift */; };
		4F3731532E2186EE0057F0D9 /* GetUserLocationAuthorizationStatusUseCase.swift in Sources */ = {isa = PBXBuildFile; fileRef = 4F3731522E2186EE0057F0D9 /* GetUserLocationAuthorizationStatusUseCase.swift */; };
		4F3731552E2189030057F0D9 /* StartLocationUpdatesUseCase.swift in Sources */ = {isa = PBXBuildFile; fileRef = 4F3731542E2189030057F0D9 /* StartLocationUpdatesUseCase.swift */; };
		4F3731572E2189090057F0D9 /* StopLocationUpdatesUseCase.swift in Sources */ = {isa = PBXBuildFile; fileRef = 4F3731562E2189090057F0D9 /* StopLocationUpdatesUseCase.swift */; };
		4F37315C2E2192280057F0D9 /* CLAuthorizationStatus+Extensions.swift in Sources */ = {isa = PBXBuildFile; fileRef = 4F37315B2E2192280057F0D9 /* CLAuthorizationStatus+Extensions.swift */; };
/* End PBXBuildFile section */

/* Begin PBXFileReference section */
		4F3730A92E1DA1CB0057F0D9 /* Locations VIP.app */ = {isa = PBXFileReference; explicitFileType = wrapper.application; includeInIndex = 0; path = "Locations VIP.app"; sourceTree = BUILT_PRODUCTS_DIR; };
		4F3730C12E1DA38E0057F0D9 /* AppDelegate.swift */ = {isa = PBXFileReference; lastKnownFileType = sourcecode.swift; path = AppDelegate.swift; sourceTree = "<group>"; };
		4F3730C22E1DA38E0057F0D9 /* Assets.xcassets */ = {isa = PBXFileReference; lastKnownFileType = folder.assetcatalog; path = Assets.xcassets; sourceTree = "<group>"; };
		4F3730C32E1DA38E0057F0D9 /* Info.plist */ = {isa = PBXFileReference; lastKnownFileType = text.plist.xml; path = Info.plist; sourceTree = "<group>"; };
		4F3730C42E1DA38E0057F0D9 /* SceneDelegate.swift */ = {isa = PBXFileReference; lastKnownFileType = sourcecode.swift; path = SceneDelegate.swift; sourceTree = "<group>"; };
		4F3730CA2E1DA5AF0057F0D9 /* AppCoordinator.swift */ = {isa = PBXFileReference; lastKnownFileType = sourcecode.swift; path = AppCoordinator.swift; sourceTree = "<group>"; };
		4F3730CF2E1DACD40057F0D9 /* HomeViewController.swift */ = {isa = PBXFileReference; lastKnownFileType = sourcecode.swift; path = HomeViewController.swift; sourceTree = "<group>"; };
		4F3730D12E1DAE1B0057F0D9 /* HomeInteractor.swift */ = {isa = PBXFileReference; lastKnownFileType = sourcecode.swift; path = HomeInteractor.swift; sourceTree = "<group>"; };
		4F3730D32E1DAE2F0057F0D9 /* HomePresenter.swift */ = {isa = PBXFileReference; lastKnownFileType = sourcecode.swift; path = HomePresenter.swift; sourceTree = "<group>"; };
		4F3730D52E1DAE4E0057F0D9 /* HomeDisplayLogic.swift */ = {isa = PBXFileReference; lastKnownFileType = sourcecode.swift; path = HomeDisplayLogic.swift; sourceTree = "<group>"; };
		4F3730F12E1DB07B0057F0D9 /* Network.swift */ = {isa = PBXFileReference; lastKnownFileType = sourcecode.swift; path = Network.swift; sourceTree = "<group>"; };
		4F3730F22E1DB07B0057F0D9 /* NetworkService.swift */ = {isa = PBXFileReference; lastKnownFileType = sourcecode.swift; path = NetworkService.swift; sourceTree = "<group>"; };
		4F3730F32E1DB07B0057F0D9 /* NetworkError.swift */ = {isa = PBXFileReference; lastKnownFileType = sourcecode.swift; path = NetworkError.swift; sourceTree = "<group>"; };
		4F3730F42E1DB07B0057F0D9 /* NetworkRequest.swift */ = {isa = PBXFileReference; lastKnownFileType = sourcecode.swift; path = NetworkRequest.swift; sourceTree = "<group>"; };
		4F3730F52E1DB07B0057F0D9 /* EncodableNetworkRequest.swift */ = {isa = PBXFileReference; lastKnownFileType = sourcecode.swift; path = EncodableNetworkRequest.swift; sourceTree = "<group>"; };
		4F3730F62E1DB07B0057F0D9 /* DictionaryNetworkRequest.swift */ = {isa = PBXFileReference; lastKnownFileType = sourcecode.swift; path = DictionaryNetworkRequest.swift; sourceTree = "<group>"; };
		4F3730F82E1DB07B0057F0D9 /* Endpoint.swift */ = {isa = PBXFileReference; lastKnownFileType = sourcecode.swift; path = Endpoint.swift; sourceTree = "<group>"; };
		4F3731052E1DB09C0057F0D9 /* JSONDecoder+Extensions.swift */ = {isa = PBXFileReference; lastKnownFileType = sourcecode.swift; path = "JSONDecoder+Extensions.swift"; sourceTree = "<group>"; };
		4F3731062E1DB09C0057F0D9 /* JSONEncoder+Extensions.swift */ = {isa = PBXFileReference; lastKnownFileType = sourcecode.swift; path = "JSONEncoder+Extensions.swift"; sourceTree = "<group>"; };
		4F37310C2E1DB0DA0057F0D9 /* AuthenticationError.swift */ = {isa = PBXFileReference; lastKnownFileType = sourcecode.swift; path = AuthenticationError.swift; sourceTree = "<group>"; };
		4F37310E2E1DB1260057F0D9 /* DependencyContainer.swift */ = {isa = PBXFileReference; lastKnownFileType = sourcecode.swift; path = DependencyContainer.swift; sourceTree = "<group>"; };
		4F37310F2E1DB1260057F0D9 /* InjectionKey.swift */ = {isa = PBXFileReference; lastKnownFileType = sourcecode.swift; path = InjectionKey.swift; sourceTree = "<group>"; };
		4F3731102E1DB1260057F0D9 /* Injected.swift */ = {isa = PBXFileReference; lastKnownFileType = sourcecode.swift; path = Injected.swift; sourceTree = "<group>"; };
		4F3731162E1DB1C20057F0D9 /* LocationService.swift */ = {isa = PBXFileReference; lastKnownFileType = sourcecode.swift; path = LocationService.swift; sourceTree = "<group>"; };
		4F3731182E1DB2670057F0D9 /* Logger+Extensions.swift */ = {isa = PBXFileReference; lastKnownFileType = sourcecode.swift; path = "Logger+Extensions.swift"; sourceTree = "<group>"; };
		4F37311A2E1DB2670057F0D9 /* StringInterpolation+Extensions.swift */ = {isa = PBXFileReference; lastKnownFileType = sourcecode.swift; path = "StringInterpolation+Extensions.swift"; sourceTree = "<group>"; };
		4F3731202E1DB3600057F0D9 /* LocationDTO.swift */ = {isa = PBXFileReference; lastKnownFileType = sourcecode.swift; path = LocationDTO.swift; sourceTree = "<group>"; };
		4F3731222E1DB3DD0057F0D9 /* LocationsDTO.swift */ = {isa = PBXFileReference; lastKnownFileType = sourcecode.swift; path = LocationsDTO.swift; sourceTree = "<group>"; };
		4F3731252E1DB41A0057F0D9 /* GetLocationsRequest.swift */ = {isa = PBXFileReference; lastKnownFileType = sourcecode.swift; path = GetLocationsRequest.swift; sourceTree = "<group>"; };
		4F3731292E1DB5A40057F0D9 /* Location.swift */ = {isa = PBXFileReference; lastKnownFileType = sourcecode.swift; path = Location.swift; sourceTree = "<group>"; };
		4F37312C2E203FAC0057F0D9 /* GetLocationsUseCase.swift */ = {isa = PBXFileReference; lastKnownFileType = sourcecode.swift; path = GetLocationsUseCase.swift; sourceTree = "<group>"; };
		4F3731312E204C4E0057F0D9 /* HomeContentView.swift */ = {isa = PBXFileReference; lastKnownFileType = sourcecode.swift; path = HomeContentView.swift; sourceTree = "<group>"; };
		4F3731342E204DAB0057F0D9 /* Configurable.swift */ = {isa = PBXFileReference; lastKnownFileType = sourcecode.swift; path = Configurable.swift; sourceTree = "<group>"; };
		4F3731362E2050B30057F0D9 /* Reusable.swift */ = {isa = PBXFileReference; lastKnownFileType = sourcecode.swift; path = Reusable.swift; sourceTree = "<group>"; };
		4F37313C2E2053B10057F0D9 /* LocationCell.swift */ = {isa = PBXFileReference; lastKnownFileType = sourcecode.swift; path = LocationCell.swift; sourceTree = "<group>"; };
		4F37313F2E2054670057F0D9 /* LocationCell+ViewModel.swift */ = {isa = PBXFileReference; lastKnownFileType = sourcecode.swift; path = "LocationCell+ViewModel.swift"; sourceTree = "<group>"; };
		4F3731412E2055D80057F0D9 /* UITableView+Reusable.swift */ = {isa = PBXFileReference; lastKnownFileType = sourcecode.swift; path = "UITableView+Reusable.swift"; sourceTree = "<group>"; };
		4F3731432E21605F0057F0D9 /* Endpoint+Locations.swift */ = {isa = PBXFileReference; lastKnownFileType = sourcecode.swift; path = "Endpoint+Locations.swift"; sourceTree = "<group>"; };
		4F3731452E21612F0057F0D9 /* URL+Extensions.swift */ = {isa = PBXFileReference; lastKnownFileType = sourcecode.swift; path = "URL+Extensions.swift"; sourceTree = "<group>"; };
		4F3731472E2162220057F0D9 /* Collection+Extensions.swift */ = {isa = PBXFileReference; lastKnownFileType = sourcecode.swift; path = "Collection+Extensions.swift"; sourceTree = "<group>"; };
		4F3731492E21819F0057F0D9 /* URLComponents.swift */ = {isa = PBXFileReference; lastKnownFileType = sourcecode.swift; path = URLComponents.swift; sourceTree = "<group>"; };
		4F37314C2E2185770057F0D9 /* LocationManager.swift */ = {isa = PBXFileReference; lastKnownFileType = sourcecode.swift; path = LocationManager.swift; sourceTree = "<group>"; };
		4F3731502E21869E0057F0D9 /* RequestUserLocationAuthorizationUseCase.swift */ = {isa = PBXFileReference; lastKnownFileType = sourcecode.swift; path = RequestUserLocationAuthorizationUseCase.swift; sourceTree = "<group>"; };
		4F3731522E2186EE0057F0D9 /* GetUserLocationAuthorizationStatusUseCase.swift */ = {isa = PBXFileReference; lastKnownFileType = sourcecode.swift; path = GetUserLocationAuthorizationStatusUseCase.swift; sourceTree = "<group>"; };
		4F3731542E2189030057F0D9 /* StartLocationUpdatesUseCase.swift */ = {isa = PBXFileReference; lastKnownFileType = sourcecode.swift; path = StartLocationUpdatesUseCase.swift; sourceTree = "<group>"; };
		4F3731562E2189090057F0D9 /* StopLocationUpdatesUseCase.swift */ = {isa = PBXFileReference; lastKnownFileType = sourcecode.swift; path = StopLocationUpdatesUseCase.swift; sourceTree = "<group>"; };
		4F37315B2E2192280057F0D9 /* CLAuthorizationStatus+Extensions.swift */ = {isa = PBXFileReference; lastKnownFileType = sourcecode.swift; path = "CLAuthorizationStatus+Extensions.swift"; sourceTree = "<group>"; };
/* End PBXFileReference section */

/* Begin PBXFrameworksBuildPhase section */
		4F3730A62E1DA1CB0057F0D9 /* Frameworks */ = {
			isa = PBXFrameworksBuildPhase;
			buildActionMask = 2147483647;
			files = (
				4F3730F02E1DB05E0057F0D9 /* Alamofire in Frameworks */,
				4F3731302E2047080057F0D9 /* SnapKit in Frameworks */,
			);
			runOnlyForDeploymentPostprocessing = 0;
		};
/* End PBXFrameworksBuildPhase section */

/* Begin PBXGroup section */
		4F3730A02E1DA1CB0057F0D9 = {
			isa = PBXGroup;
			children = (
				4F3730C52E1DA38E0057F0D9 /* Locations VIP */,
				4F3730AA2E1DA1CB0057F0D9 /* Products */,
			);
			sourceTree = "<group>";
		};
		4F3730AA2E1DA1CB0057F0D9 /* Products */ = {
			isa = PBXGroup;
			children = (
				4F3730A92E1DA1CB0057F0D9 /* Locations VIP.app */,
			);
			name = Products;
			sourceTree = "<group>";
		};
		4F3730C52E1DA38E0057F0D9 /* Locations VIP */ = {
			isa = PBXGroup;
			children = (
				4F3730C12E1DA38E0057F0D9 /* AppDelegate.swift */,
				4F3730C42E1DA38E0057F0D9 /* SceneDelegate.swift */,
				4F3730C22E1DA38E0057F0D9 /* Assets.xcassets */,
				4F3730C32E1DA38E0057F0D9 /* Info.plist */,
				4F3731332E204D810057F0D9 /* Utility */,
				4F3731042E1DB08D0057F0D9 /* Extensions */,
				4F3731112E1DB1260057F0D9 /* Dependency Injection */,
				4F3730FB2E1DB07B0057F0D9 /* Network */,
				4F3731152E1DB1B20057F0D9 /* Data */,
				4F3731272E1DB5930057F0D9 /* Domain */,
				4F3730CC2E1DACB00057F0D9 /* Presentation */,
			);
			path = "Locations VIP";
			sourceTree = "<group>";
		};
		4F3730CC2E1DACB00057F0D9 /* Presentation */ = {
			isa = PBXGroup;
			children = (
				4F3730DA2E1DB0020057F0D9 /* Coordinator */,
				4F3730CD2E1DACBD0057F0D9 /* Scene */,
			);
			path = Presentation;
			sourceTree = "<group>";
		};
		4F3730CD2E1DACBD0057F0D9 /* Scene */ = {
			isa = PBXGroup;
			children = (
				4F3730CE2E1DACC80057F0D9 /* Home */,
			);
			path = Scene;
			sourceTree = "<group>";
		};
		4F3730CE2E1DACC80057F0D9 /* Home */ = {
			isa = PBXGroup;
			children = (
				4F3730D92E1DAE650057F0D9 /* Interactor */,
				4F3730D82E1DAE5F0057F0D9 /* Presenter */,
				4F3730D72E1DAE590057F0D9 /* View */,
			);
			path = Home;
			sourceTree = "<group>";
		};
		4F3730D72E1DAE590057F0D9 /* View */ = {
			isa = PBXGroup;
			children = (
				4F3730D52E1DAE4E0057F0D9 /* HomeDisplayLogic.swift */,
				4F3730CF2E1DACD40057F0D9 /* HomeViewController.swift */,
				4F3731312E204C4E0057F0D9 /* HomeContentView.swift */,
				4F37313E2E20545E0057F0D9 /* LocationCell */,
			);
			path = View;
			sourceTree = "<group>";
		};
		4F3730D82E1DAE5F0057F0D9 /* Presenter */ = {
			isa = PBXGroup;
			children = (
				4F3730D32E1DAE2F0057F0D9 /* HomePresenter.swift */,
			);
			path = Presenter;
			sourceTree = "<group>";
		};
		4F3730D92E1DAE650057F0D9 /* Interactor */ = {
			isa = PBXGroup;
			children = (
				4F3730D12E1DAE1B0057F0D9 /* HomeInteractor.swift */,
			);
			path = Interactor;
			sourceTree = "<group>";
		};
		4F3730DA2E1DB0020057F0D9 /* Coordinator */ = {
			isa = PBXGroup;
			children = (
				4F3730CA2E1DA5AF0057F0D9 /* AppCoordinator.swift */,
			);
			path = Coordinator;
			sourceTree = "<group>";
		};
		4F3730F72E1DB07B0057F0D9 /* Network Request */ = {
			isa = PBXGroup;
			children = (
				4F3730F42E1DB07B0057F0D9 /* NetworkRequest.swift */,
				4F3730F52E1DB07B0057F0D9 /* EncodableNetworkRequest.swift */,
				4F3730F62E1DB07B0057F0D9 /* DictionaryNetworkRequest.swift */,
			);
			path = "Network Request";
			sourceTree = "<group>";
		};
		4F3730FA2E1DB07B0057F0D9 /* Endpoint */ = {
			isa = PBXGroup;
			children = (
				4F3730F82E1DB07B0057F0D9 /* Endpoint.swift */,
				4F3731432E21605F0057F0D9 /* Endpoint+Locations.swift */,
			);
			path = Endpoint;
			sourceTree = "<group>";
		};
		4F3730FB2E1DB07B0057F0D9 /* Network */ = {
			isa = PBXGroup;
			children = (
				4F3730F12E1DB07B0057F0D9 /* Network.swift */,
				4F3730F22E1DB07B0057F0D9 /* NetworkService.swift */,
				4F3730F32E1DB07B0057F0D9 /* NetworkError.swift */,
				4F37310C2E1DB0DA0057F0D9 /* AuthenticationError.swift */,
				4F3730F72E1DB07B0057F0D9 /* Network Request */,
				4F3730FA2E1DB07B0057F0D9 /* Endpoint */,
			);
			path = Network;
			sourceTree = "<group>";
		};
		4F3731042E1DB08D0057F0D9 /* Extensions */ = {
			isa = PBXGroup;
			children = (
				4F3731382E2050E70057F0D9 /* UIKit */,
				4F3731192E1DB2670057F0D9 /* OS */,
				4F37311B2E1DB2670057F0D9 /* Swift */,
				4F3731082E1DB09C0057F0D9 /* Foundation */,
				4F37315A2E2192150057F0D9 /* Core Location */,
			);
			path = Extensions;
			sourceTree = "<group>";
		};
		4F3731082E1DB09C0057F0D9 /* Foundation */ = {
			isa = PBXGroup;
			children = (
				4F3731052E1DB09C0057F0D9 /* JSONDecoder+Extensions.swift */,
				4F3731062E1DB09C0057F0D9 /* JSONEncoder+Extensions.swift */,
				4F3731452E21612F0057F0D9 /* URL+Extensions.swift */,
				4F3731492E21819F0057F0D9 /* URLComponents.swift */,
			);
			path = Foundation;
			sourceTree = "<group>";
		};
		4F3731112E1DB1260057F0D9 /* Dependency Injection */ = {
			isa = PBXGroup;
			children = (
				4F37310E2E1DB1260057F0D9 /* DependencyContainer.swift */,
				4F37310F2E1DB1260057F0D9 /* InjectionKey.swift */,
				4F3731102E1DB1260057F0D9 /* Injected.swift */,
			);
			path = "Dependency Injection";
			sourceTree = "<group>";
		};
		4F3731152E1DB1B20057F0D9 /* Data */ = {
			isa = PBXGroup;
			children = (
				4F37311F2E1DB3550057F0D9 /* DTO */,
				4F3731242E1DB3FA0057F0D9 /* Request */,
				4F37311E2E1DB3470057F0D9 /* Service */,
				4F37314B2E2185650057F0D9 /* Manager */,
			);
			path = Data;
			sourceTree = "<group>";
		};
		4F3731192E1DB2670057F0D9 /* OS */ = {
			isa = PBXGroup;
			children = (
				4F3731182E1DB2670057F0D9 /* Logger+Extensions.swift */,
			);
			path = OS;
			sourceTree = "<group>";
		};
		4F37311B2E1DB2670057F0D9 /* Swift */ = {
			isa = PBXGroup;
			children = (
				4F37311A2E1DB2670057F0D9 /* StringInterpolation+Extensions.swift */,
				4F3731472E2162220057F0D9 /* Collection+Extensions.swift */,
			);
			path = Swift;
			sourceTree = "<group>";
		};
		4F37311E2E1DB3470057F0D9 /* Service */ = {
			isa = PBXGroup;
			children = (
				4F3731162E1DB1C20057F0D9 /* LocationService.swift */,
			);
			path = Service;
			sourceTree = "<group>";
		};
		4F37311F2E1DB3550057F0D9 /* DTO */ = {
			isa = PBXGroup;
			children = (
				4F3731222E1DB3DD0057F0D9 /* LocationsDTO.swift */,
				4F3731202E1DB3600057F0D9 /* LocationDTO.swift */,
			);
			path = DTO;
			sourceTree = "<group>";
		};
		4F3731242E1DB3FA0057F0D9 /* Request */ = {
			isa = PBXGroup;
			children = (
				4F3731252E1DB41A0057F0D9 /* GetLocationsRequest.swift */,
			);
			path = Request;
			sourceTree = "<group>";
		};
		4F3731272E1DB5930057F0D9 /* Domain */ = {
			isa = PBXGroup;
			children = (
				4F3731282E1DB59E0057F0D9 /* Model */,
				4F37312B2E203F990057F0D9 /* UseCase */,
			);
			path = Domain;
			sourceTree = "<group>";
		};
		4F3731282E1DB59E0057F0D9 /* Model */ = {
			isa = PBXGroup;
			children = (
				4F3731292E1DB5A40057F0D9 /* Location.swift */,
			);
			path = Model;
			sourceTree = "<group>";
		};
		4F37312B2E203F990057F0D9 /* UseCase */ = {
			isa = PBXGroup;
			children = (
				4F37312C2E203FAC0057F0D9 /* GetLocationsUseCase.swift */,
				4F3731522E2186EE0057F0D9 /* GetUserLocationAuthorizationStatusUseCase.swift */,
				4F3731502E21869E0057F0D9 /* RequestUserLocationAuthorizationUseCase.swift */,
				4F3731542E2189030057F0D9 /* StartLocationUpdatesUseCase.swift */,
				4F3731562E2189090057F0D9 /* StopLocationUpdatesUseCase.swift */,
			);
			path = UseCase;
			sourceTree = "<group>";
		};
		4F3731332E204D810057F0D9 /* Utility */ = {
			isa = PBXGroup;
			children = (
				4F3731342E204DAB0057F0D9 /* Configurable.swift */,
				4F3731362E2050B30057F0D9 /* Reusable.swift */,
			);
			path = Utility;
			sourceTree = "<group>";
		};
		4F3731382E2050E70057F0D9 /* UIKit */ = {
			isa = PBXGroup;
			children = (
				4F3731412E2055D80057F0D9 /* UITableView+Reusable.swift */,
			);
			path = UIKit;
			sourceTree = "<group>";
		};
		4F37313E2E20545E0057F0D9 /* LocationCell */ = {
			isa = PBXGroup;
			children = (
				4F37313C2E2053B10057F0D9 /* LocationCell.swift */,
				4F37313F2E2054670057F0D9 /* LocationCell+ViewModel.swift */,
			);
			path = LocationCell;
			sourceTree = "<group>";
		};
		4F37314B2E2185650057F0D9 /* Manager */ = {
			isa = PBXGroup;
			children = (
				4F37314C2E2185770057F0D9 /* LocationManager.swift */,
			);
			path = Manager;
			sourceTree = "<group>";
		};
		4F37315A2E2192150057F0D9 /* Core Location */ = {
			isa = PBXGroup;
			children = (
				4F37315B2E2192280057F0D9 /* CLAuthorizationStatus+Extensions.swift */,
			);
			path = "Core Location";
			sourceTree = "<group>";
		};
/* End PBXGroup section */

/* Begin PBXNativeTarget section */
		4F3730A82E1DA1CB0057F0D9 /* Locations VIP */ = {
			isa = PBXNativeTarget;
			buildConfigurationList = 4F3730BC2E1DA1CD0057F0D9 /* Build configuration list for PBXNativeTarget "Locations VIP" */;
			buildPhases = (
				4F3730A52E1DA1CB0057F0D9 /* Sources */,
				4F3730A62E1DA1CB0057F0D9 /* Frameworks */,
				4F3730A72E1DA1CB0057F0D9 /* Resources */,
			);
			buildRules = (
			);
			dependencies = (
			);
			name = "Locations VIP";
			packageProductDependencies = (
				4F3730EF2E1DB05E0057F0D9 /* Alamofire */,
				4F37312F2E2047080057F0D9 /* SnapKit */,
			);
			productName = "Locations VIP";
			productReference = 4F3730A92E1DA1CB0057F0D9 /* Locations VIP.app */;
			productType = "com.apple.product-type.application";
		};
/* End PBXNativeTarget section */

/* Begin PBXProject section */
		4F3730A12E1DA1CB0057F0D9 /* Project object */ = {
			isa = PBXProject;
			attributes = {
				BuildIndependentTargetsInParallel = 1;
				LastSwiftUpdateCheck = 1640;
				LastUpgradeCheck = 1640;
				TargetAttributes = {
					4F3730A82E1DA1CB0057F0D9 = {
						CreatedOnToolsVersion = 16.4;
					};
				};
			};
			buildConfigurationList = 4F3730A42E1DA1CB0057F0D9 /* Build configuration list for PBXProject "Locations VIP" */;
			developmentRegion = en;
			hasScannedForEncodings = 0;
			knownRegions = (
				en,
				Base,
			);
			mainGroup = 4F3730A02E1DA1CB0057F0D9;
			minimizedProjectReferenceProxies = 1;
			packageReferences = (
				4F3730EE2E1DB05E0057F0D9 /* XCRemoteSwiftPackageReference "Alamofire" */,
				4F37312E2E2047080057F0D9 /* XCRemoteSwiftPackageReference "SnapKit" */,
			);
			preferredProjectObjectVersion = 77;
			productRefGroup = 4F3730AA2E1DA1CB0057F0D9 /* Products */;
			projectDirPath = "";
			projectRoot = "";
			targets = (
				4F3730A82E1DA1CB0057F0D9 /* Locations VIP */,
			);
		};
/* End PBXProject section */

/* Begin PBXResourcesBuildPhase section */
		4F3730A72E1DA1CB0057F0D9 /* Resources */ = {
			isa = PBXResourcesBuildPhase;
			buildActionMask = 2147483647;
			files = (
				4F3730C82E1DA38E0057F0D9 /* Assets.xcassets in Resources */,
			);
			runOnlyForDeploymentPostprocessing = 0;
		};
/* End PBXResourcesBuildPhase section */

/* Begin PBXSourcesBuildPhase section */
		4F3730A52E1DA1CB0057F0D9 /* Sources */ = {
			isa = PBXSourcesBuildPhase;
			buildActionMask = 2147483647;
			files = (
				4F37315C2E2192280057F0D9 /* CLAuthorizationStatus+Extensions.swift in Sources */,
				4F3731352E204DAB0057F0D9 /* Configurable.swift in Sources */,
				4F3731532E2186EE0057F0D9 /* GetUserLocationAuthorizationStatusUseCase.swift in Sources */,
				4F3731372E2050B30057F0D9 /* Reusable.swift in Sources */,
				4F3730CB2E1DA5AF0057F0D9 /* AppCoordinator.swift in Sources */,
				4F3730FC2E1DB07B0057F0D9 /* NetworkService.swift in Sources */,
				4F3730FE2E1DB07B0057F0D9 /* DictionaryNetworkRequest.swift in Sources */,
				4F3731442E21605F0057F0D9 /* Endpoint+Locations.swift in Sources */,
				4F3731422E2055D80057F0D9 /* UITableView+Reusable.swift in Sources */,
				4F3730FF2E1DB07B0057F0D9 /* Endpoint.swift in Sources */,
				4F37313D2E2053B10057F0D9 /* LocationCell.swift in Sources */,
				4F3731552E2189030057F0D9 /* StartLocationUpdatesUseCase.swift in Sources */,
				4F3731402E2054670057F0D9 /* LocationCell+ViewModel.swift in Sources */,
				4F3731002E1DB07B0057F0D9 /* Network.swift in Sources */,
				4F3731262E1DB41A0057F0D9 /* GetLocationsRequest.swift in Sources */,
				4F3731012E1DB07B0057F0D9 /* EncodableNetworkRequest.swift in Sources */,
				4F3731572E2189090057F0D9 /* StopLocationUpdatesUseCase.swift in Sources */,
				4F3731462E21612F0057F0D9 /* URL+Extensions.swift in Sources */,
				4F3731022E1DB07B0057F0D9 /* NetworkError.swift in Sources */,
				4F3731232E1DB3DD0057F0D9 /* LocationsDTO.swift in Sources */,
				4F37312D2E203FAC0057F0D9 /* GetLocationsUseCase.swift in Sources */,
				4F3731482E2162220057F0D9 /* Collection+Extensions.swift in Sources */,
				4F3731172E1DB1C20057F0D9 /* LocationService.swift in Sources */,
				4F3731512E21869E0057F0D9 /* RequestUserLocationAuthorizationUseCase.swift in Sources */,
				4F3731032E1DB07B0057F0D9 /* NetworkRequest.swift in Sources */,
				4F3731322E204C4E0057F0D9 /* HomeContentView.swift in Sources */,
				4F3730C62E1DA38E0057F0D9 /* AppDelegate.swift in Sources */,
				4F3730D62E1DAE4F0057F0D9 /* HomeDisplayLogic.swift in Sources */,
				4F37312A2E1DB5A40057F0D9 /* Location.swift in Sources */,
				4F3731122E1DB1260057F0D9 /* InjectionKey.swift in Sources */,
				4F3731212E1DB3600057F0D9 /* LocationDTO.swift in Sources */,
				4F3731132E1DB1260057F0D9 /* DependencyContainer.swift in Sources */,
				4F37314A2E21819F0057F0D9 /* URLComponents.swift in Sources */,
				4F3731142E1DB1260057F0D9 /* Injected.swift in Sources */,
				4F37311C2E1DB2670057F0D9 /* StringInterpolation+Extensions.swift in Sources */,
				4F37311D2E1DB2670057F0D9 /* Logger+Extensions.swift in Sources */,
				4F3731092E1DB09C0057F0D9 /* JSONDecoder+Extensions.swift in Sources */,
				4F37310A2E1DB09C0057F0D9 /* JSONEncoder+Extensions.swift in Sources */,
				4F3730C72E1DA38E0057F0D9 /* SceneDelegate.swift in Sources */,
				4F37310D2E1DB0DA0057F0D9 /* AuthenticationError.swift in Sources */,
				4F3730D42E1DAE2F0057F0D9 /* HomePresenter.swift in Sources */,
				4F3730D22E1DAE1B0057F0D9 /* HomeInteractor.swift in Sources */,
				4F3730D02E1DACD40057F0D9 /* HomeViewController.swift in Sources */,
				4F37314D2E2185770057F0D9 /* LocationManager.swift in Sources */,
			);
			runOnlyForDeploymentPostprocessing = 0;
		};
/* End PBXSourcesBuildPhase section */

/* Begin XCBuildConfiguration section */
		4F3730BD2E1DA1CD0057F0D9 /* Debug */ = {
			isa = XCBuildConfiguration;
			buildSettings = {
				ASSETCATALOG_COMPILER_APPICON_NAME = AppIcon;
				ASSETCATALOG_COMPILER_GLOBAL_ACCENT_COLOR_NAME = AccentColor;
				CODE_SIGN_STYLE = Automatic;
				CURRENT_PROJECT_VERSION = 1;
				DEVELOPMENT_TEAM = T683UBQ6MY;
				GENERATE_INFOPLIST_FILE = YES;
				INFOPLIST_FILE = "Locations VIP/Info.plist";
				INFOPLIST_KEY_UIApplicationSupportsIndirectInputEvents = YES;
				INFOPLIST_KEY_UILaunchStoryboardName = LaunchScreen;
				INFOPLIST_KEY_UISupportedInterfaceOrientations_iPad = "UIInterfaceOrientationPortrait UIInterfaceOrientationPortraitUpsideDown UIInterfaceOrientationLandscapeLeft UIInterfaceOrientationLandscapeRight";
				INFOPLIST_KEY_UISupportedInterfaceOrientations_iPhone = "UIInterfaceOrientationPortrait UIInterfaceOrientationLandscapeLeft UIInterfaceOrientationLandscapeRight";
				LD_RUNPATH_SEARCH_PATHS = (
					"$(inherited)",
					"@executable_path/Frameworks",
				);
				MARKETING_VERSION = 1.0;
				PRODUCT_BUNDLE_IDENTIFIER = "nl.bennet.Locations-VIP";
				PRODUCT_NAME = "$(TARGET_NAME)";
				SWIFT_EMIT_LOC_STRINGS = YES;
				SWIFT_VERSION = 5.0;
				TARGETED_DEVICE_FAMILY = "1,2";
			};
			name = Debug;
		};
		4F3730BE2E1DA1CD0057F0D9 /* Release */ = {
			isa = XCBuildConfiguration;
			buildSettings = {
				ASSETCATALOG_COMPILER_APPICON_NAME = AppIcon;
				ASSETCATALOG_COMPILER_GLOBAL_ACCENT_COLOR_NAME = AccentColor;
				CODE_SIGN_STYLE = Automatic;
				CURRENT_PROJECT_VERSION = 1;
				DEVELOPMENT_TEAM = T683UBQ6MY;
				GENERATE_INFOPLIST_FILE = YES;
				INFOPLIST_FILE = "Locations VIP/Info.plist";
				INFOPLIST_KEY_UIApplicationSupportsIndirectInputEvents = YES;
				INFOPLIST_KEY_UILaunchStoryboardName = LaunchScreen;
				INFOPLIST_KEY_UISupportedInterfaceOrientations_iPad = "UIInterfaceOrientationPortrait UIInterfaceOrientationPortraitUpsideDown UIInterfaceOrientationLandscapeLeft UIInterfaceOrientationLandscapeRight";
				INFOPLIST_KEY_UISupportedInterfaceOrientations_iPhone = "UIInterfaceOrientationPortrait UIInterfaceOrientationLandscapeLeft UIInterfaceOrientationLandscapeRight";
				LD_RUNPATH_SEARCH_PATHS = (
					"$(inherited)",
					"@executable_path/Frameworks",
				);
				MARKETING_VERSION = 1.0;
				PRODUCT_BUNDLE_IDENTIFIER = "nl.bennet.Locations-VIP";
				PRODUCT_NAME = "$(TARGET_NAME)";
				SWIFT_EMIT_LOC_STRINGS = YES;
				SWIFT_VERSION = 5.0;
				TARGETED_DEVICE_FAMILY = "1,2";
			};
			name = Release;
		};
		4F3730BF2E1DA1CD0057F0D9 /* Debug */ = {
			isa = XCBuildConfiguration;
			buildSettings = {
				ALWAYS_SEARCH_USER_PATHS = NO;
				ASSETCATALOG_COMPILER_GENERATE_SWIFT_ASSET_SYMBOL_EXTENSIONS = YES;
				CLANG_ANALYZER_NONNULL = YES;
				CLANG_ANALYZER_NUMBER_OBJECT_CONVERSION = YES_AGGRESSIVE;
				CLANG_CXX_LANGUAGE_STANDARD = "gnu++20";
				CLANG_ENABLE_MODULES = YES;
				CLANG_ENABLE_OBJC_ARC = YES;
				CLANG_ENABLE_OBJC_WEAK = YES;
				CLANG_WARN_BLOCK_CAPTURE_AUTORELEASING = YES;
				CLANG_WARN_BOOL_CONVERSION = YES;
				CLANG_WARN_COMMA = YES;
				CLANG_WARN_CONSTANT_CONVERSION = YES;
				CLANG_WARN_DEPRECATED_OBJC_IMPLEMENTATIONS = YES;
				CLANG_WARN_DIRECT_OBJC_ISA_USAGE = YES_ERROR;
				CLANG_WARN_DOCUMENTATION_COMMENTS = YES;
				CLANG_WARN_EMPTY_BODY = YES;
				CLANG_WARN_ENUM_CONVERSION = YES;
				CLANG_WARN_INFINITE_RECURSION = YES;
				CLANG_WARN_INT_CONVERSION = YES;
				CLANG_WARN_NON_LITERAL_NULL_CONVERSION = YES;
				CLANG_WARN_OBJC_IMPLICIT_RETAIN_SELF = YES;
				CLANG_WARN_OBJC_LITERAL_CONVERSION = YES;
				CLANG_WARN_OBJC_ROOT_CLASS = YES_ERROR;
				CLANG_WARN_QUOTED_INCLUDE_IN_FRAMEWORK_HEADER = YES;
				CLANG_WARN_RANGE_LOOP_ANALYSIS = YES;
				CLANG_WARN_STRICT_PROTOTYPES = YES;
				CLANG_WARN_SUSPICIOUS_MOVE = YES;
				CLANG_WARN_UNGUARDED_AVAILABILITY = YES_AGGRESSIVE;
				CLANG_WARN_UNREACHABLE_CODE = YES;
				CLANG_WARN__DUPLICATE_METHOD_MATCH = YES;
				COPY_PHASE_STRIP = NO;
				DEBUG_INFORMATION_FORMAT = dwarf;
				DEVELOPMENT_TEAM = T683UBQ6MY;
				ENABLE_STRICT_OBJC_MSGSEND = YES;
				ENABLE_TESTABILITY = YES;
				ENABLE_USER_SCRIPT_SANDBOXING = YES;
				GCC_C_LANGUAGE_STANDARD = gnu17;
				GCC_DYNAMIC_NO_PIC = NO;
				GCC_NO_COMMON_BLOCKS = YES;
				GCC_OPTIMIZATION_LEVEL = 0;
				GCC_PREPROCESSOR_DEFINITIONS = (
					"DEBUG=1",
					"$(inherited)",
				);
				GCC_WARN_64_TO_32_BIT_CONVERSION = YES;
				GCC_WARN_ABOUT_RETURN_TYPE = YES_ERROR;
				GCC_WARN_UNDECLARED_SELECTOR = YES;
				GCC_WARN_UNINITIALIZED_AUTOS = YES_AGGRESSIVE;
				GCC_WARN_UNUSED_FUNCTION = YES;
				GCC_WARN_UNUSED_VARIABLE = YES;
				IPHONEOS_DEPLOYMENT_TARGET = 18.5;
				LOCALIZATION_PREFERS_STRING_CATALOGS = YES;
				MTL_ENABLE_DEBUG_INFO = INCLUDE_SOURCE;
				MTL_FAST_MATH = YES;
				ONLY_ACTIVE_ARCH = YES;
				SDKROOT = iphoneos;
				SWIFT_ACTIVE_COMPILATION_CONDITIONS = "DEBUG $(inherited)";
				SWIFT_OPTIMIZATION_LEVEL = "-Onone";
			};
			name = Debug;
		};
		4F3730C02E1DA1CD0057F0D9 /* Release */ = {
			isa = XCBuildConfiguration;
			buildSettings = {
				ALWAYS_SEARCH_USER_PATHS = NO;
				ASSETCATALOG_COMPILER_GENERATE_SWIFT_ASSET_SYMBOL_EXTENSIONS = YES;
				CLANG_ANALYZER_NONNULL = YES;
				CLANG_ANALYZER_NUMBER_OBJECT_CONVERSION = YES_AGGRESSIVE;
				CLANG_CXX_LANGUAGE_STANDARD = "gnu++20";
				CLANG_ENABLE_MODULES = YES;
				CLANG_ENABLE_OBJC_ARC = YES;
				CLANG_ENABLE_OBJC_WEAK = YES;
				CLANG_WARN_BLOCK_CAPTURE_AUTORELEASING = YES;
				CLANG_WARN_BOOL_CONVERSION = YES;
				CLANG_WARN_COMMA = YES;
				CLANG_WARN_CONSTANT_CONVERSION = YES;
				CLANG_WARN_DEPRECATED_OBJC_IMPLEMENTATIONS = YES;
				CLANG_WARN_DIRECT_OBJC_ISA_USAGE = YES_ERROR;
				CLANG_WARN_DOCUMENTATION_COMMENTS = YES;
				CLANG_WARN_EMPTY_BODY = YES;
				CLANG_WARN_ENUM_CONVERSION = YES;
				CLANG_WARN_INFINITE_RECURSION = YES;
				CLANG_WARN_INT_CONVERSION = YES;
				CLANG_WARN_NON_LITERAL_NULL_CONVERSION = YES;
				CLANG_WARN_OBJC_IMPLICIT_RETAIN_SELF = YES;
				CLANG_WARN_OBJC_LITERAL_CONVERSION = YES;
				CLANG_WARN_OBJC_ROOT_CLASS = YES_ERROR;
				CLANG_WARN_QUOTED_INCLUDE_IN_FRAMEWORK_HEADER = YES;
				CLANG_WARN_RANGE_LOOP_ANALYSIS = YES;
				CLANG_WARN_STRICT_PROTOTYPES = YES;
				CLANG_WARN_SUSPICIOUS_MOVE = YES;
				CLANG_WARN_UNGUARDED_AVAILABILITY = YES_AGGRESSIVE;
				CLANG_WARN_UNREACHABLE_CODE = YES;
				CLANG_WARN__DUPLICATE_METHOD_MATCH = YES;
				COPY_PHASE_STRIP = NO;
				DEBUG_INFORMATION_FORMAT = "dwarf-with-dsym";
				DEVELOPMENT_TEAM = T683UBQ6MY;
				ENABLE_NS_ASSERTIONS = NO;
				ENABLE_STRICT_OBJC_MSGSEND = YES;
				ENABLE_USER_SCRIPT_SANDBOXING = YES;
				GCC_C_LANGUAGE_STANDARD = gnu17;
				GCC_NO_COMMON_BLOCKS = YES;
				GCC_WARN_64_TO_32_BIT_CONVERSION = YES;
				GCC_WARN_ABOUT_RETURN_TYPE = YES_ERROR;
				GCC_WARN_UNDECLARED_SELECTOR = YES;
				GCC_WARN_UNINITIALIZED_AUTOS = YES_AGGRESSIVE;
				GCC_WARN_UNUSED_FUNCTION = YES;
				GCC_WARN_UNUSED_VARIABLE = YES;
				IPHONEOS_DEPLOYMENT_TARGET = 18.5;
				LOCALIZATION_PREFERS_STRING_CATALOGS = YES;
				MTL_ENABLE_DEBUG_INFO = NO;
				MTL_FAST_MATH = YES;
				SDKROOT = iphoneos;
				SWIFT_COMPILATION_MODE = wholemodule;
				VALIDATE_PRODUCT = YES;
			};
			name = Release;
		};
/* End XCBuildConfiguration section */

/* Begin XCConfigurationList section */
		4F3730A42E1DA1CB0057F0D9 /* Build configuration list for PBXProject "Locations VIP" */ = {
			isa = XCConfigurationList;
			buildConfigurations = (
				4F3730BF2E1DA1CD0057F0D9 /* Debug */,
				4F3730C02E1DA1CD0057F0D9 /* Release */,
			);
			defaultConfigurationIsVisible = 0;
			defaultConfigurationName = Release;
		};
		4F3730BC2E1DA1CD0057F0D9 /* Build configuration list for PBXNativeTarget "Locations VIP" */ = {
			isa = XCConfigurationList;
			buildConfigurations = (
				4F3730BD2E1DA1CD0057F0D9 /* Debug */,
				4F3730BE2E1DA1CD0057F0D9 /* Release */,
			);
			defaultConfigurationIsVisible = 0;
			defaultConfigurationName = Release;
		};
/* End XCConfigurationList section */

/* Begin XCRemoteSwiftPackageReference section */
		4F3730EE2E1DB05E0057F0D9 /* XCRemoteSwiftPackageReference "Alamofire" */ = {
			isa = XCRemoteSwiftPackageReference;
			repositoryURL = "https://github.com/Alamofire/Alamofire.git";
			requirement = {
				kind = upToNextMajorVersion;
				minimumVersion = 5.10.2;
			};
		};
		4F37312E2E2047080057F0D9 /* XCRemoteSwiftPackageReference "SnapKit" */ = {
			isa = XCRemoteSwiftPackageReference;
			repositoryURL = "https://github.com/SnapKit/SnapKit.git";
			requirement = {
				kind = upToNextMajorVersion;
				minimumVersion = 5.7.1;
			};
		};
/* End XCRemoteSwiftPackageReference section */

/* Begin XCSwiftPackageProductDependency section */
		4F3730EF2E1DB05E0057F0D9 /* Alamofire */ = {
			isa = XCSwiftPackageProductDependency;
			package = 4F3730EE2E1DB05E0057F0D9 /* XCRemoteSwiftPackageReference "Alamofire" */;
			productName = Alamofire;
		};
		4F37312F2E2047080057F0D9 /* SnapKit */ = {
			isa = XCSwiftPackageProductDependency;
			package = 4F37312E2E2047080057F0D9 /* XCRemoteSwiftPackageReference "SnapKit" */;
			productName = SnapKit;
		};
/* End XCSwiftPackageProductDependency section */
	};
	rootObject = 4F3730A12E1DA1CB0057F0D9 /* Project object */;
}
